
Microsoft Visual Studio Solution File, Format Version 12.00
# Visual Studio Version 17
VisualStudioVersion = 17.11.35327.3
MinimumVisualStudioVersion = 10.0.40219.1
Project("{FAE04EC0-301F-11D3-BF4B-00C04F79EFBC}") = "UltrawideOverlays", "UltrawideOverlays.csproj", "{6C8D43EC-6216-489B-87FF-346A367C6AB9}"
EndProject
Global
	GlobalSection(SolutionConfigurationPlatforms) = preSolution
		Debug|Any CPU = Debug|Any CPU
		Release|Any CPU = Release|Any CPU
	EndGlobalSection
	GlobalSection(ProjectConfigurationPlatforms) = postSolution
		{6C8D43EC-6216-489B-87FF-346A367C6AB9}.Debug|Any CPU.ActiveCfg = Debug|Any CPU
		{6C8D43EC-6216-489B-87FF-346A367C6AB9}.Debug|Any CPU.Build.0 = Debug|Any CPU
		{6C8D43EC-6216-489B-87FF-346A367C6AB9}.Release|Any CPU.ActiveCfg = Release|Any CPU
		{6C8D43EC-6216-489B-87FF-346A367C6AB9}.Release|Any CPU.Build.0 = Release|Any CPU
	EndGlobalSection
	GlobalSection(SolutionProperties) = preSolution
		HideSolutionNode = FALSE
	EndGlobalSection
	GlobalSection(ExtensibilityGlobals) = postSolution
		SolutionGuid = {9324BE17-E97B-4216-B59D-D5B2C6D7874C}
	EndGlobalSection
EndGlobal
